
Microsoft Visual Studio Solution File, Format Version 12.00
# Visual Studio 15
VisualStudioVersion = 15.0.28307.1321
MinimumVisualStudioVersion = 10.0.40219.1
Project("{8BC9CEB8-8B4A-11D0-8D11-00A0C91BC942}") = "WyyToMyFolder", "WyyToMyFolder.vcxproj", "{640A5A54-931C-423B-BDA3-DC1012904138}"
EndProject
Global
	GlobalSection(SolutionConfigurationPlatforms) = preSolution
		Debug|x64 = Debug|x64
		Debug|x86 = Debug|x86
		Release|x64 = Release|x64
		Release|x86 = Release|x86
	EndGlobalSection
	GlobalSection(ProjectConfigurationPlatforms) = postSolution
		{640A5A54-931C-423B-BDA3-DC1012904138}.Debug|x64.ActiveCfg = Debug|x64
		{640A5A54-931C-423B-BDA3-DC1012904138}.Debug|x64.Build.0 = Debug|x64
		{640A5A54-931C-423B-BDA3-DC1012904138}.Debug|x86.ActiveCfg = Debug|Win32
		{640A5A54-931C-423B-BDA3-DC1012904138}.Debug|x86.Build.0 = Debug|Win32
		{640A5A54-931C-423B-BDA3-DC1012904138}.Release|x64.ActiveCfg = Release|x64
		{640A5A54-931C-423B-BDA3-DC1012904138}.Release|x64.Build.0 = Release|x64
		{640A5A54-931C-423B-BDA3-DC1012904138}.Release|x86.ActiveCfg = Release|Win32
		{640A5A54-931C-423B-BDA3-DC1012904138}.Release|x86.Build.0 = Release|Win32
	EndGlobalSection
	GlobalSection(SolutionProperties) = preSolution
		HideSolutionNode = FALSE
	EndGlobalSection
	GlobalSection(ExtensibilityGlobals) = postSolution
		SolutionGuid = {A76B3296-EB46-4B42-A449-1362914C5F17}
	EndGlobalSection
EndGlobal
