
Microsoft Visual Studio Solution File, Format Version 12.00
# Visual Studio 15
VisualStudioVersion = 15.0.28307.1321
MinimumVisualStudioVersion = 10.0.40219.1
Project("{8BC9CEB8-8B4A-11D0-8D11-00A0C91BC942}") = "stl_list", "stl_list\stl_list\stl_list.vcxproj", "{7A8E3BC9-69B3-453D-AAFB-64F6F0F68BC5}"
EndProject
Project("{8BC9CEB8-8B4A-11D0-8D11-00A0C91BC942}") = "stl_map", "stl_map\stl_map\stl_map.vcxproj", "{6E4B59F9-A629-40F3-A3F3-FA4902099BEE}"
EndProject
Project("{8BC9CEB8-8B4A-11D0-8D11-00A0C91BC942}") = "stl_set", "stl_set\stl_set\stl_set.vcxproj", "{CB0B4EB2-8DA7-40FC-950D-9CB80B3ED4A0}"
EndProject
Project("{8BC9CEB8-8B4A-11D0-8D11-00A0C91BC942}") = "stl_string", "stl_string\stl_string\stl_string.vcxproj", "{15075EBF-E609-4376-84EC-BA427D3DFB77}"
EndProject
Project("{8BC9CEB8-8B4A-11D0-8D11-00A0C91BC942}") = "stl_vector", "stl_vector\stl_vector\stl_vector.vcxproj", "{A531787E-1525-4DEA-B575-2AD2ABFDEBCD}"
EndProject
Project("{8BC9CEB8-8B4A-11D0-8D11-00A0C91BC942}") = "stl_initializer_list", "std_initializer_list\std_initializer_list.vcxproj", "{209BE33C-DD32-4862-B943-E8044B11413B}"
EndProject
Project("{8BC9CEB8-8B4A-11D0-8D11-00A0C91BC942}") = "stl_array", "std_array\std_array.vcxproj", "{1A0DF583-B818-44BF-8B5D-8419881B2D5A}"
EndProject
Project("{8BC9CEB8-8B4A-11D0-8D11-00A0C91BC942}") = "stl_tuple", "std_tuple\std_tuple.vcxproj", "{B35037B2-ED4B-4909-985C-8A9E7E5F69CD}"
EndProject
Project("{8BC9CEB8-8B4A-11D0-8D11-00A0C91BC942}") = "stl_function", "stl_function\stl_function.vcxproj", "{C3041B5A-F01F-46D9-8653-03E90E1F4F7C}"
EndProject
Project("{8BC9CEB8-8B4A-11D0-8D11-00A0C91BC942}") = "stl_bitset", "stl_bitset\stl_bitset.vcxproj", "{0AE24748-4524-451C-B8FE-DA8EC8E412DD}"
EndProject
Project("{8BC9CEB8-8B4A-11D0-8D11-00A0C91BC942}") = "stl_regex", "stl_regex\stl_regex.vcxproj", "{4F18BB7D-0023-417F-BA23-F449847DE6C1}"
EndProject
Project("{8BC9CEB8-8B4A-11D0-8D11-00A0C91BC942}") = "function_library", "function_library\function_library.vcxproj", "{CFEB77F2-3565-47BE-AC84-04C4EBC6366C}"
EndProject
Project("{8BC9CEB8-8B4A-11D0-8D11-00A0C91BC942}") = "stl_deque", "stl_deque\stl_deque.vcxproj", "{6AEC9FA3-D32A-4C68-B4AF-4EFEE21BF7F1}"
EndProject
Project("{2150E333-8FDC-42A3-9474-1A3956D46DE8}") = "stl", "stl", "{AAD6ADFA-52A8-4981-A0DC-4759784E1897}"
EndProject
Project("{8BC9CEB8-8B4A-11D0-8D11-00A0C91BC942}") = "WeakPtr", "WeakPtr\WeakPtr.vcxproj", "{68BD6854-DE41-4379-9AEB-6B7B790B1D05}"
EndProject
Global
	GlobalSection(SolutionConfigurationPlatforms) = preSolution
		Debug|x64 = Debug|x64
		Debug|x86 = Debug|x86
		Release|x64 = Release|x64
		Release|x86 = Release|x86
	EndGlobalSection
	GlobalSection(ProjectConfigurationPlatforms) = postSolution
		{7A8E3BC9-69B3-453D-AAFB-64F6F0F68BC5}.Debug|x64.ActiveCfg = Debug|Win32
		{7A8E3BC9-69B3-453D-AAFB-64F6F0F68BC5}.Debug|x86.ActiveCfg = Debug|Win32
		{7A8E3BC9-69B3-453D-AAFB-64F6F0F68BC5}.Debug|x86.Build.0 = Debug|Win32
		{7A8E3BC9-69B3-453D-AAFB-64F6F0F68BC5}.Release|x64.ActiveCfg = Release|Win32
		{7A8E3BC9-69B3-453D-AAFB-64F6F0F68BC5}.Release|x86.ActiveCfg = Release|Win32
		{7A8E3BC9-69B3-453D-AAFB-64F6F0F68BC5}.Release|x86.Build.0 = Release|Win32
		{6E4B59F9-A629-40F3-A3F3-FA4902099BEE}.Debug|x64.ActiveCfg = Debug|Win32
		{6E4B59F9-A629-40F3-A3F3-FA4902099BEE}.Debug|x86.ActiveCfg = Debug|Win32
		{6E4B59F9-A629-40F3-A3F3-FA4902099BEE}.Debug|x86.Build.0 = Debug|Win32
		{6E4B59F9-A629-40F3-A3F3-FA4902099BEE}.Release|x64.ActiveCfg = Release|Win32
		{6E4B59F9-A629-40F3-A3F3-FA4902099BEE}.Release|x86.ActiveCfg = Release|Win32
		{6E4B59F9-A629-40F3-A3F3-FA4902099BEE}.Release|x86.Build.0 = Release|Win32
		{CB0B4EB2-8DA7-40FC-950D-9CB80B3ED4A0}.Debug|x64.ActiveCfg = Debug|Win32
		{CB0B4EB2-8DA7-40FC-950D-9CB80B3ED4A0}.Debug|x86.ActiveCfg = Debug|Win32
		{CB0B4EB2-8DA7-40FC-950D-9CB80B3ED4A0}.Debug|x86.Build.0 = Debug|Win32
		{CB0B4EB2-8DA7-40FC-950D-9CB80B3ED4A0}.Release|x64.ActiveCfg = Release|Win32
		{CB0B4EB2-8DA7-40FC-950D-9CB80B3ED4A0}.Release|x86.ActiveCfg = Release|Win32
		{CB0B4EB2-8DA7-40FC-950D-9CB80B3ED4A0}.Release|x86.Build.0 = Release|Win32
		{15075EBF-E609-4376-84EC-BA427D3DFB77}.Debug|x64.ActiveCfg = Debug|Win32
		{15075EBF-E609-4376-84EC-BA427D3DFB77}.Debug|x86.ActiveCfg = Debug|Win32
		{15075EBF-E609-4376-84EC-BA427D3DFB77}.Debug|x86.Build.0 = Debug|Win32
		{15075EBF-E609-4376-84EC-BA427D3DFB77}.Release|x64.ActiveCfg = Release|Win32
		{15075EBF-E609-4376-84EC-BA427D3DFB77}.Release|x86.ActiveCfg = Release|Win32
		{15075EBF-E609-4376-84EC-BA427D3DFB77}.Release|x86.Build.0 = Release|Win32
		{A531787E-1525-4DEA-B575-2AD2ABFDEBCD}.Debug|x64.ActiveCfg = Debug|Win32
		{A531787E-1525-4DEA-B575-2AD2ABFDEBCD}.Debug|x86.ActiveCfg = Debug|Win32
		{A531787E-1525-4DEA-B575-2AD2ABFDEBCD}.Debug|x86.Build.0 = Debug|Win32
		{A531787E-1525-4DEA-B575-2AD2ABFDEBCD}.Release|x64.ActiveCfg = Release|Win32
		{A531787E-1525-4DEA-B575-2AD2ABFDEBCD}.Release|x86.ActiveCfg = Release|Win32
		{A531787E-1525-4DEA-B575-2AD2ABFDEBCD}.Release|x86.Build.0 = Release|Win32
		{209BE33C-DD32-4862-B943-E8044B11413B}.Debug|x64.ActiveCfg = Debug|x64
		{209BE33C-DD32-4862-B943-E8044B11413B}.Debug|x64.Build.0 = Debug|x64
		{209BE33C-DD32-4862-B943-E8044B11413B}.Debug|x86.ActiveCfg = Debug|Win32
		{209BE33C-DD32-4862-B943-E8044B11413B}.Debug|x86.Build.0 = Debug|Win32
		{209BE33C-DD32-4862-B943-E8044B11413B}.Release|x64.ActiveCfg = Release|x64
		{209BE33C-DD32-4862-B943-E8044B11413B}.Release|x64.Build.0 = Release|x64
		{209BE33C-DD32-4862-B943-E8044B11413B}.Release|x86.ActiveCfg = Release|Win32
		{209BE33C-DD32-4862-B943-E8044B11413B}.Release|x86.Build.0 = Release|Win32
		{1A0DF583-B818-44BF-8B5D-8419881B2D5A}.Debug|x64.ActiveCfg = Debug|x64
		{1A0DF583-B818-44BF-8B5D-8419881B2D5A}.Debug|x64.Build.0 = Debug|x64
		{1A0DF583-B818-44BF-8B5D-8419881B2D5A}.Debug|x86.ActiveCfg = Debug|Win32
		{1A0DF583-B818-44BF-8B5D-8419881B2D5A}.Debug|x86.Build.0 = Debug|Win32
		{1A0DF583-B818-44BF-8B5D-8419881B2D5A}.Release|x64.ActiveCfg = Release|x64
		{1A0DF583-B818-44BF-8B5D-8419881B2D5A}.Release|x64.Build.0 = Release|x64
		{1A0DF583-B818-44BF-8B5D-8419881B2D5A}.Release|x86.ActiveCfg = Release|Win32
		{1A0DF583-B818-44BF-8B5D-8419881B2D5A}.Release|x86.Build.0 = Release|Win32
		{B35037B2-ED4B-4909-985C-8A9E7E5F69CD}.Debug|x64.ActiveCfg = Debug|x64
		{B35037B2-ED4B-4909-985C-8A9E7E5F69CD}.Debug|x64.Build.0 = Debug|x64
		{B35037B2-ED4B-4909-985C-8A9E7E5F69CD}.Debug|x86.ActiveCfg = Debug|Win32
		{B35037B2-ED4B-4909-985C-8A9E7E5F69CD}.Debug|x86.Build.0 = Debug|Win32
		{B35037B2-ED4B-4909-985C-8A9E7E5F69CD}.Release|x64.ActiveCfg = Release|x64
		{B35037B2-ED4B-4909-985C-8A9E7E5F69CD}.Release|x64.Build.0 = Release|x64
		{B35037B2-ED4B-4909-985C-8A9E7E5F69CD}.Release|x86.ActiveCfg = Release|Win32
		{B35037B2-ED4B-4909-985C-8A9E7E5F69CD}.Release|x86.Build.0 = Release|Win32
		{C3041B5A-F01F-46D9-8653-03E90E1F4F7C}.Debug|x64.ActiveCfg = Debug|x64
		{C3041B5A-F01F-46D9-8653-03E90E1F4F7C}.Debug|x64.Build.0 = Debug|x64
		{C3041B5A-F01F-46D9-8653-03E90E1F4F7C}.Debug|x86.ActiveCfg = Debug|Win32
		{C3041B5A-F01F-46D9-8653-03E90E1F4F7C}.Debug|x86.Build.0 = Debug|Win32
		{C3041B5A-F01F-46D9-8653-03E90E1F4F7C}.Release|x64.ActiveCfg = Release|x64
		{C3041B5A-F01F-46D9-8653-03E90E1F4F7C}.Release|x64.Build.0 = Release|x64
		{C3041B5A-F01F-46D9-8653-03E90E1F4F7C}.Release|x86.ActiveCfg = Release|Win32
		{C3041B5A-F01F-46D9-8653-03E90E1F4F7C}.Release|x86.Build.0 = Release|Win32
		{0AE24748-4524-451C-B8FE-DA8EC8E412DD}.Debug|x64.ActiveCfg = Debug|x64
		{0AE24748-4524-451C-B8FE-DA8EC8E412DD}.Debug|x64.Build.0 = Debug|x64
		{0AE24748-4524-451C-B8FE-DA8EC8E412DD}.Debug|x86.ActiveCfg = Debug|Win32
		{0AE24748-4524-451C-B8FE-DA8EC8E412DD}.Debug|x86.Build.0 = Debug|Win32
		{0AE24748-4524-451C-B8FE-DA8EC8E412DD}.Release|x64.ActiveCfg = Release|x64
		{0AE24748-4524-451C-B8FE-DA8EC8E412DD}.Release|x64.Build.0 = Release|x64
		{0AE24748-4524-451C-B8FE-DA8EC8E412DD}.Release|x86.ActiveCfg = Release|Win32
		{0AE24748-4524-451C-B8FE-DA8EC8E412DD}.Release|x86.Build.0 = Release|Win32
		{4F18BB7D-0023-417F-BA23-F449847DE6C1}.Debug|x64.ActiveCfg = Debug|x64
		{4F18BB7D-0023-417F-BA23-F449847DE6C1}.Debug|x64.Build.0 = Debug|x64
		{4F18BB7D-0023-417F-BA23-F449847DE6C1}.Debug|x86.ActiveCfg = Debug|Win32
		{4F18BB7D-0023-417F-BA23-F449847DE6C1}.Debug|x86.Build.0 = Debug|Win32
		{4F18BB7D-0023-417F-BA23-F449847DE6C1}.Release|x64.ActiveCfg = Release|x64
		{4F18BB7D-0023-417F-BA23-F449847DE6C1}.Release|x64.Build.0 = Release|x64
		{4F18BB7D-0023-417F-BA23-F449847DE6C1}.Release|x86.ActiveCfg = Release|Win32
		{4F18BB7D-0023-417F-BA23-F449847DE6C1}.Release|x86.Build.0 = Release|Win32
		{CFEB77F2-3565-47BE-AC84-04C4EBC6366C}.Debug|x64.ActiveCfg = Debug|x64
		{CFEB77F2-3565-47BE-AC84-04C4EBC6366C}.Debug|x64.Build.0 = Debug|x64
		{CFEB77F2-3565-47BE-AC84-04C4EBC6366C}.Debug|x86.ActiveCfg = Debug|Win32
		{CFEB77F2-3565-47BE-AC84-04C4EBC6366C}.Debug|x86.Build.0 = Debug|Win32
		{CFEB77F2-3565-47BE-AC84-04C4EBC6366C}.Release|x64.ActiveCfg = Release|x64
		{CFEB77F2-3565-47BE-AC84-04C4EBC6366C}.Release|x64.Build.0 = Release|x64
		{CFEB77F2-3565-47BE-AC84-04C4EBC6366C}.Release|x86.ActiveCfg = Release|Win32
		{CFEB77F2-3565-47BE-AC84-04C4EBC6366C}.Release|x86.Build.0 = Release|Win32
		{6AEC9FA3-D32A-4C68-B4AF-4EFEE21BF7F1}.Debug|x64.ActiveCfg = Debug|x64
		{6AEC9FA3-D32A-4C68-B4AF-4EFEE21BF7F1}.Debug|x64.Build.0 = Debug|x64
		{6AEC9FA3-D32A-4C68-B4AF-4EFEE21BF7F1}.Debug|x86.ActiveCfg = Debug|Win32
		{6AEC9FA3-D32A-4C68-B4AF-4EFEE21BF7F1}.Debug|x86.Build.0 = Debug|Win32
		{6AEC9FA3-D32A-4C68-B4AF-4EFEE21BF7F1}.Release|x64.ActiveCfg = Release|x64
		{6AEC9FA3-D32A-4C68-B4AF-4EFEE21BF7F1}.Release|x64.Build.0 = Release|x64
		{6AEC9FA3-D32A-4C68-B4AF-4EFEE21BF7F1}.Release|x86.ActiveCfg = Release|Win32
		{6AEC9FA3-D32A-4C68-B4AF-4EFEE21BF7F1}.Release|x86.Build.0 = Release|Win32
		{68BD6854-DE41-4379-9AEB-6B7B790B1D05}.Debug|x64.ActiveCfg = Debug|x64
		{68BD6854-DE41-4379-9AEB-6B7B790B1D05}.Debug|x64.Build.0 = Debug|x64
		{68BD6854-DE41-4379-9AEB-6B7B790B1D05}.Debug|x86.ActiveCfg = Debug|Win32
		{68BD6854-DE41-4379-9AEB-6B7B790B1D05}.Debug|x86.Build.0 = Debug|Win32
		{68BD6854-DE41-4379-9AEB-6B7B790B1D05}.Release|x64.ActiveCfg = Release|x64
		{68BD6854-DE41-4379-9AEB-6B7B790B1D05}.Release|x64.Build.0 = Release|x64
		{68BD6854-DE41-4379-9AEB-6B7B790B1D05}.Release|x86.ActiveCfg = Release|Win32
		{68BD6854-DE41-4379-9AEB-6B7B790B1D05}.Release|x86.Build.0 = Release|Win32
	EndGlobalSection
	GlobalSection(SolutionProperties) = preSolution
		HideSolutionNode = FALSE
	EndGlobalSection
	GlobalSection(NestedProjects) = preSolution
		{7A8E3BC9-69B3-453D-AAFB-64F6F0F68BC5} = {AAD6ADFA-52A8-4981-A0DC-4759784E1897}
		{6E4B59F9-A629-40F3-A3F3-FA4902099BEE} = {AAD6ADFA-52A8-4981-A0DC-4759784E1897}
		{CB0B4EB2-8DA7-40FC-950D-9CB80B3ED4A0} = {AAD6ADFA-52A8-4981-A0DC-4759784E1897}
		{15075EBF-E609-4376-84EC-BA427D3DFB77} = {AAD6ADFA-52A8-4981-A0DC-4759784E1897}
		{A531787E-1525-4DEA-B575-2AD2ABFDEBCD} = {AAD6ADFA-52A8-4981-A0DC-4759784E1897}
		{209BE33C-DD32-4862-B943-E8044B11413B} = {AAD6ADFA-52A8-4981-A0DC-4759784E1897}
		{1A0DF583-B818-44BF-8B5D-8419881B2D5A} = {AAD6ADFA-52A8-4981-A0DC-4759784E1897}
		{B35037B2-ED4B-4909-985C-8A9E7E5F69CD} = {AAD6ADFA-52A8-4981-A0DC-4759784E1897}
		{C3041B5A-F01F-46D9-8653-03E90E1F4F7C} = {AAD6ADFA-52A8-4981-A0DC-4759784E1897}
		{0AE24748-4524-451C-B8FE-DA8EC8E412DD} = {AAD6ADFA-52A8-4981-A0DC-4759784E1897}
		{4F18BB7D-0023-417F-BA23-F449847DE6C1} = {AAD6ADFA-52A8-4981-A0DC-4759784E1897}
		{6AEC9FA3-D32A-4C68-B4AF-4EFEE21BF7F1} = {AAD6ADFA-52A8-4981-A0DC-4759784E1897}
	EndGlobalSection
	GlobalSection(ExtensibilityGlobals) = postSolution
		SolutionGuid = {DC8A0A51-C905-4DF3-92BA-8D0416BE2F37}
	EndGlobalSection
EndGlobal
