
Microsoft Visual Studio Solution File, Format Version 10.00
# Visual Studio 2008
Project("{8BC9CEB8-8B4A-11D0-8D11-00A0C91BC942}") = "stl_vector", "stl_vector\stl_vector.vcproj", "{A531787E-1525-4DEA-B575-2AD2ABFDEBCD}"
EndProject
Global
	GlobalSection(SolutionConfigurationPlatforms) = preSolution
		Debug|Win32 = Debug|Win32
		Release|Win32 = Release|Win32
	EndGlobalSection
	GlobalSection(ProjectConfigurationPlatforms) = postSolution
		{A531787E-1525-4DEA-B575-2AD2ABFDEBCD}.Debug|Win32.ActiveCfg = Debug|Win32
		{A531787E-1525-4DEA-B575-2AD2ABFDEBCD}.Debug|Win32.Build.0 = Debug|Win32
		{A531787E-1525-4DEA-B575-2AD2ABFDEBCD}.Release|Win32.ActiveCfg = Release|Win32
		{A531787E-1525-4DEA-B575-2AD2ABFDEBCD}.Release|Win32.Build.0 = Release|Win32
	EndGlobalSection
	GlobalSection(SolutionProperties) = preSolution
		HideSolutionNode = FALSE
	EndGlobalSection
EndGlobal
