
Microsoft Visual Studio Solution File, Format Version 12.00
# Visual Studio 15
VisualStudioVersion = 15.0.28307.1321
MinimumVisualStudioVersion = 10.0.40219.1
Project("{8BC9CEB8-8B4A-11D0-8D11-00A0C91BC942}") = "QMusicCopy", "QMusicCopy.vcxproj", "{F983E619-03D7-461B-8C23-B77D1A7FA625}"
EndProject
Project("{8BC9CEB8-8B4A-11D0-8D11-00A0C91BC942}") = "OutputFileNames", "OutputFileNames\OutputFileNames.vcxproj", "{6EF4573E-236B-45B4-AE52-E8CBEA5749A8}"
EndProject
Global
	GlobalSection(SolutionConfigurationPlatforms) = preSolution
		Debug|x64 = Debug|x64
		Debug|x86 = Debug|x86
		Release|x64 = Release|x64
		Release|x86 = Release|x86
	EndGlobalSection
	GlobalSection(ProjectConfigurationPlatforms) = postSolution
		{F983E619-03D7-461B-8C23-B77D1A7FA625}.Debug|x64.ActiveCfg = Debug|x64
		{F983E619-03D7-461B-8C23-B77D1A7FA625}.Debug|x64.Build.0 = Debug|x64
		{F983E619-03D7-461B-8C23-B77D1A7FA625}.Debug|x86.ActiveCfg = Debug|Win32
		{F983E619-03D7-461B-8C23-B77D1A7FA625}.Debug|x86.Build.0 = Debug|Win32
		{F983E619-03D7-461B-8C23-B77D1A7FA625}.Release|x64.ActiveCfg = Release|x64
		{F983E619-03D7-461B-8C23-B77D1A7FA625}.Release|x64.Build.0 = Release|x64
		{F983E619-03D7-461B-8C23-B77D1A7FA625}.Release|x86.ActiveCfg = Release|Win32
		{F983E619-03D7-461B-8C23-B77D1A7FA625}.Release|x86.Build.0 = Release|Win32
		{6EF4573E-236B-45B4-AE52-E8CBEA5749A8}.Debug|x64.ActiveCfg = Debug|x64
		{6EF4573E-236B-45B4-AE52-E8CBEA5749A8}.Debug|x64.Build.0 = Debug|x64
		{6EF4573E-236B-45B4-AE52-E8CBEA5749A8}.Debug|x86.ActiveCfg = Debug|Win32
		{6EF4573E-236B-45B4-AE52-E8CBEA5749A8}.Debug|x86.Build.0 = Debug|Win32
		{6EF4573E-236B-45B4-AE52-E8CBEA5749A8}.Release|x64.ActiveCfg = Release|x64
		{6EF4573E-236B-45B4-AE52-E8CBEA5749A8}.Release|x64.Build.0 = Release|x64
		{6EF4573E-236B-45B4-AE52-E8CBEA5749A8}.Release|x86.ActiveCfg = Release|Win32
		{6EF4573E-236B-45B4-AE52-E8CBEA5749A8}.Release|x86.Build.0 = Release|Win32
	EndGlobalSection
	GlobalSection(SolutionProperties) = preSolution
		HideSolutionNode = FALSE
	EndGlobalSection
	GlobalSection(ExtensibilityGlobals) = postSolution
		SolutionGuid = {CE150EF9-0A2F-46B0-913F-BF3AE1814E9B}
	EndGlobalSection
EndGlobal
